{
  "name": "koshi-vox",
  "version": "1.2.6",
  "lockfileVersion": 3,
  "requires": true,
  "packages": {
    "": {
      "name": "koshi-vox",
      "version": "1.2.6",
      "hasInstallScript": true,
      "license": "MIT",
      "os": [
        "darwin",
        "linux"
      ],
      "bin": {
        "koshi-vox": "bin/koshi-vox",
        "setup-vox": "scripts/setup-vox-alias",
        "uninstall-vox": "scripts/uninstall_koshi-vox",
        "vox": "bin/vox",
        "vox-cleanup": "bin/vox-cleanup",
        "vox-debug": "bin/vox-debug",
        "vox-install": "scripts/install.js"
      },
      "engines": {
        "node": ">=20.0.0",
        "pnpm": ">=7.0.0"
      },
      "peerDependencies": {
        "python3": "*"
      }
    },
    "node_modules/python3": {
      "version": "0.0.1",
      "resolved": "https://registry.npmjs.org/python3/-/python3-0.0.1.tgz",
      "integrity": "sha512-VB3Pe0uV1mjWND5Kv1FJQOSuAe979Oo0gRs/C8JGF8wx+ulkWqHC/sWlQz+ezcGpwsJP0tTIh+No/iRaqQlcNg==",
      "license": "ISC",
      "peer": true
    }
  }
}
